
Microsoft Visual Studio Solution File, Format Version 12.00
# Visual Studio Version 16
VisualStudioVersion = 16.0.29215.179
MinimumVisualStudioVersion = 10.0.40219.1
Project("{9A19103F-16F7-4668-BE54-9A1E7A4F7556}") = "ChestImplants", "ChestImplants.csproj", "{40A91A3B-1D06-481C-BF9D-EA747691DD58}"
EndProject
Global
	GlobalSection(SolutionConfigurationPlatforms) = preSolution
		Debug|Any CPU = Debug|Any CPU
		Release|Any CPU = Release|Any CPU
	EndGlobalSection
	GlobalSection(ProjectConfigurationPlatforms) = postSolution
		{40A91A3B-1D06-481C-BF9D-EA747691DD58}.Debug|Any CPU.ActiveCfg = Debug|Any CPU
		{40A91A3B-1D06-481C-BF9D-EA747691DD58}.Debug|Any CPU.Build.0 = Debug|Any CPU
		{40A91A3B-1D06-481C-BF9D-EA747691DD58}.Release|Any CPU.ActiveCfg = Release|Any CPU
		{40A91A3B-1D06-481C-BF9D-EA747691DD58}.Release|Any CPU.Build.0 = Release|Any CPU
	EndGlobalSection
	GlobalSection(SolutionProperties) = preSolution
		HideSolutionNode = FALSE
	EndGlobalSection
	GlobalSection(ExtensibilityGlobals) = postSolution
		SolutionGuid = {902E3361-A06F-4EE7-9914-00CCF9D6D4DC}
	EndGlobalSection
EndGlobal
